
Microsoft Visual Studio Solution File, Format Version 12.00
# Visual Studio Version 16
VisualStudioVersion = 16.0.29728.190
MinimumVisualStudioVersion = 10.0.40219.1
Project("{FAE04EC0-301F-11D3-BF4B-00C04F79EFBC}") = "MathLibary", "MathLibary\MathLibary.csproj", "{38F898E8-961B-4B66-948B-D4ABCDF12720}"
EndProject
Global
	GlobalSection(SolutionConfigurationPlatforms) = preSolution
		Debug|Any CPU = Debug|Any CPU
		Release|Any CPU = Release|Any CPU
	EndGlobalSection
	GlobalSection(ProjectConfigurationPlatforms) = postSolution
		{38F898E8-961B-4B66-948B-D4ABCDF12720}.Debug|Any CPU.ActiveCfg = Debug|Any CPU
		{38F898E8-961B-4B66-948B-D4ABCDF12720}.Debug|Any CPU.Build.0 = Debug|Any CPU
		{38F898E8-961B-4B66-948B-D4ABCDF12720}.Release|Any CPU.ActiveCfg = Release|Any CPU
		{38F898E8-961B-4B66-948B-D4ABCDF12720}.Release|Any CPU.Build.0 = Release|Any CPU
	EndGlobalSection
	GlobalSection(SolutionProperties) = preSolution
		HideSolutionNode = FALSE
	EndGlobalSection
	GlobalSection(ExtensibilityGlobals) = postSolution
		SolutionGuid = {8E376BC5-027C-485E-B25E-BBCF25A3A542}
	EndGlobalSection
EndGlobal
